
Microsoft Visual Studio Solution File, Format Version 12.00
# Visual Studio Version 17
VisualStudioVersion = 17.14.36616.10 d17.14
MinimumVisualStudioVersion = 10.0.40219.1
Project("{FAE04EC0-301F-11D3-BF4B-00C04F79EFBC}") = "BankApp.Client", "BankApp.Client.csproj", "{5DC64E01-423B-47F3-9DC1-3900C92D9E45}"
EndProject
Global
	GlobalSection(SolutionConfigurationPlatforms) = preSolution
		Debug|Any CPU = Debug|Any CPU
		Release|Any CPU = Release|Any CPU
	EndGlobalSection
	GlobalSection(ProjectConfigurationPlatforms) = postSolution
		{5DC64E01-423B-47F3-9DC1-3900C92D9E45}.Debug|Any CPU.ActiveCfg = Debug|Any CPU
		{5DC64E01-423B-47F3-9DC1-3900C92D9E45}.Debug|Any CPU.Build.0 = Debug|Any CPU
		{5DC64E01-423B-47F3-9DC1-3900C92D9E45}.Release|Any CPU.ActiveCfg = Release|Any CPU
		{5DC64E01-423B-47F3-9DC1-3900C92D9E45}.Release|Any CPU.Build.0 = Release|Any CPU
	EndGlobalSection
	GlobalSection(SolutionProperties) = preSolution
		HideSolutionNode = FALSE
	EndGlobalSection
	GlobalSection(ExtensibilityGlobals) = postSolution
		SolutionGuid = {8D2DA870-F5E4-49AA-8744-9BD72EF09A8E}
	EndGlobalSection
EndGlobal
